// !$*UTF8*$!
{
	archiveVersion = 1;
	classes = {
	};
	objectVersion = 56;
	objects = {

/* Begin PBXBuildFile section */
		9A338B4F2C92DEBD00E04C7E /* test_mobileApp.swift in Sources */ = {isa = PBXBuildFile; fileRef = 9A338B4E2C92DEBD00E04C7E /* test_mobileApp.swift */; };
		9A338B512C92DEBD00E04C7E /* ContentView.swift in Sources */ = {isa = PBXBuildFile; fileRef = 9A338B502C92DEBD00E04C7E /* ContentView.swift */; };
		9A338B532C92DEBE00E04C7E /* Assets.xcassets in Resources */ = {isa = PBXBuildFile; fileRef = 9A338B522C92DEBE00E04C7E /* Assets.xcassets */; };
		9A338B562C92DEBE00E04C7E /* Preview Assets.xcassets in Resources */ = {isa = PBXBuildFile; fileRef = 9A338B552C92DEBE00E04C7E /* Preview Assets.xcassets */; };
		9A338B602C92DEBE00E04C7E /* test_mobileTests.swift in Sources */ = {isa = PBXBuildFile; fileRef = 9A338B5F2C92DEBE00E04C7E /* test_mobileTests.swift */; };
		9A338B6A2C92DEBE00E04C7E /* test_mobileUITests.swift in Sources */ = {isa = PBXBuildFile; fileRef = 9A338B692C92DEBE00E04C7E /* test_mobileUITests.swift */; };
		9A338B6C2C92DEBE00E04C7E /* test_mobileUITestsLaunchTests.swift in Sources */ = {isa = PBXBuildFile; fileRef = 9A338B6B2C92DEBE00E04C7E /* test_mobileUITestsLaunchTests.swift */; };
/* End PBXBuildFile section */

/* Begin PBXContainerItemProxy section */
		9A338B5C2C92DEBE00E04C7E /* PBXContainerItemProxy */ = {
			isa = PBXContainerItemProxy;
			containerPortal = 9A338B432C92DEBD00E04C7E /* Project object */;
			proxyType = 1;
			remoteGlobalIDString = 9A338B4A2C92DEBD00E04C7E;
			remoteInfo = test.mobile;
		};
		9A338B662C92DEBE00E04C7E /* PBXContainerItemProxy */ = {
			isa = PBXContainerItemProxy;
			containerPortal = 9A338B432C92DEBD00E04C7E /* Project object */;
			proxyType = 1;
			remoteGlobalIDString = 9A338B4A2C92DEBD00E04C7E;
			remoteInfo = test.mobile;
		};
/* End PBXContainerItemProxy section */

/* Begin PBXFileReference section */
		9A338B4B2C92DEBD00E04C7E /* test.mobile.app */ = {isa = PBXFileReference; explicitFileType = wrapper.application; includeInIndex = 0; path = test.mobile.app; sourceTree = BUILT_PRODUCTS_DIR; };
		9A338B4E2C92DEBD00E04C7E /* test_mobileApp.swift */ = {isa = PBXFileReference; lastKnownFileType = sourcecode.swift; path = test_mobileApp.swift; sourceTree = "<group>"; };
		9A338B502C92DEBD00E04C7E /* ContentView.swift */ = {isa = PBXFileReference; lastKnownFileType = sourcecode.swift; path = ContentView.swift; sourceTree = "<group>"; };
		9A338B522C92DEBE00E04C7E /* Assets.xcassets */ = {isa = PBXFileReference; lastKnownFileType = folder.assetcatalog; path = Assets.xcassets; sourceTree = "<group>"; };
		9A338B552C92DEBE00E04C7E /* Preview Assets.xcassets */ = {isa = PBXFileReference; lastKnownFileType = folder.assetcatalog; path = "Preview Assets.xcassets"; sourceTree = "<group>"; };
		9A338B5B2C92DEBE00E04C7E /* test.mobileTests.xctest */ = {isa = PBXFileReference; explicitFileType = wrapper.cfbundle; includeInIndex = 0; path = test.mobileTests.xctest; sourceTree = BUILT_PRODUCTS_DIR; };
		9A338B5F2C92DEBE00E04C7E /* test_mobileTests.swift */ = {isa = PBXFileReference; lastKnownFileType = sourcecode.swift; path = test_mobileTests.swift; sourceTree = "<group>"; };
		9A338B652C92DEBE00E04C7E /* test.mobileUITests.xctest */ = {isa = PBXFileReference; explicitFileType = wrapper.cfbundle; includeInIndex = 0; path = test.mobileUITests.xctest; sourceTree = BUILT_PRODUCTS_DIR; };
		9A338B692C92DEBE00E04C7E /* test_mobileUITests.swift */ = {isa = PBXFileReference; lastKnownFileType = sourcecode.swift; path = test_mobileUITests.swift; sourceTree = "<group>"; };
		9A338B6B2C92DEBE00E04C7E /* test_mobileUITestsLaunchTests.swift */ = {isa = PBXFileReference; lastKnownFileType = sourcecode.swift; path = test_mobileUITestsLaunchTests.swift; sourceTree = "<group>"; };
/* End PBXFileReference section */

/* Begin PBXFrameworksBuildPhase section */
		9A338B482C92DEBD00E04C7E /* Frameworks */ = {
			isa = PBXFrameworksBuildPhase;
			buildActionMask = 2147483647;
			files = (
			);
			runOnlyForDeploymentPostprocessing = 0;
		};
		9A338B582C92DEBE00E04C7E /* Frameworks */ = {
			isa = PBXFrameworksBuildPhase;
			buildActionMask = 2147483647;
			files = (
			);
			runOnlyForDeploymentPostprocessing = 0;
		};
		9A338B622C92DEBE00E04C7E /* Frameworks */ = {
			isa = PBXFrameworksBuildPhase;
			buildActionMask = 2147483647;
			files = (
			);
			runOnlyForDeploymentPostprocessing = 0;
		};
/* End PBXFrameworksBuildPhase section */

/* Begin PBXGroup section */
		9A338B422C92DEBD00E04C7E = {
			isa = PBXGroup;
			children = (
				9A338B4D2C92DEBD00E04C7E /* test.mobile */,
				9A338B5E2C92DEBE00E04C7E /* test.mobileTests */,
				9A338B682C92DEBE00E04C7E /* test.mobileUITests */,
				9A338B4C2C92DEBD00E04C7E /* Products */,
			);
			sourceTree = "<group>";
		};
		9A338B4C2C92DEBD00E04C7E /* Products */ = {
			isa = PBXGroup;
			children = (
				9A338B4B2C92DEBD00E04C7E /* test.mobile.app */,
				9A338B5B2C92DEBE00E04C7E /* test.mobileTests.xctest */,
				9A338B652C92DEBE00E04C7E /* test.mobileUITests.xctest */,
			);
			name = Products;
			sourceTree = "<group>";
		};
		9A338B4D2C92DEBD00E04C7E /* test.mobile */ = {
			isa = PBXGroup;
			children = (
				9A338B4E2C92DEBD00E04C7E /* test_mobileApp.swift */,
				9A338B502C92DEBD00E04C7E /* ContentView.swift */,
				9A338B522C92DEBE00E04C7E /* Assets.xcassets */,
				9A338B542C92DEBE00E04C7E /* Preview Content */,
			);
			path = test.mobile;
			sourceTree = "<group>";
		};
		9A338B542C92DEBE00E04C7E /* Preview Content */ = {
			isa = PBXGroup;
			children = (
				9A338B552C92DEBE00E04C7E /* Preview Assets.xcassets */,
			);
			path = "Preview Content";
			sourceTree = "<group>";
		};
		9A338B5E2C92DEBE00E04C7E /* test.mobileTests */ = {
			isa = PBXGroup;
			children = (
				9A338B5F2C92DEBE00E04C7E /* test_mobileTests.swift */,
			);
			path = test.mobileTests;
			sourceTree = "<group>";
		};
		9A338B682C92DEBE00E04C7E /* test.mobileUITests */ = {
			isa = PBXGroup;
			children = (
				9A338B692C92DEBE00E04C7E /* test_mobileUITests.swift */,
				9A338B6B2C92DEBE00E04C7E /* test_mobileUITestsLaunchTests.swift */,
			);
			path = test.mobileUITests;
			sourceTree = "<group>";
		};
/* End PBXGroup section */

/* Begin PBXNativeTarget section */
		9A338B4A2C92DEBD00E04C7E /* test.mobile */ = {
			isa = PBXNativeTarget;
			buildConfigurationList = 9A338B6F2C92DEBE00E04C7E /* Build configuration list for PBXNativeTarget "test.mobile" */;
			buildPhases = (
				9A338B472C92DEBD00E04C7E /* Sources */,
				9A338B482C92DEBD00E04C7E /* Frameworks */,
				9A338B492C92DEBD00E04C7E /* Resources */,
			);
			buildRules = (
			);
			dependencies = (
			);
			name = test.mobile;
			productName = test.mobile;
			productReference = 9A338B4B2C92DEBD00E04C7E /* test.mobile.app */;
			productType = "com.apple.product-type.application";
		};
		9A338B5A2C92DEBE00E04C7E /* test.mobileTests */ = {
			isa = PBXNativeTarget;
			buildConfigurationList = 9A338B722C92DEBE00E04C7E /* Build configuration list for PBXNativeTarget "test.mobileTests" */;
			buildPhases = (
				9A338B572C92DEBE00E04C7E /* Sources */,
				9A338B582C92DEBE00E04C7E /* Frameworks */,
				9A338B592C92DEBE00E04C7E /* Resources */,
			);
			buildRules = (
			);
			dependencies = (
				9A338B5D2C92DEBE00E04C7E /* PBXTargetDependency */,
			);
			name = test.mobileTests;
			productName = test.mobileTests;
			productReference = 9A338B5B2C92DEBE00E04C7E /* test.mobileTests.xctest */;
			productType = "com.apple.product-type.bundle.unit-test";
		};
		9A338B642C92DEBE00E04C7E /* test.mobileUITests */ = {
			isa = PBXNativeTarget;
			buildConfigurationList = 9A338B752C92DEBE00E04C7E /* Build configuration list for PBXNativeTarget "test.mobileUITests" */;
			buildPhases = (
				9A338B612C92DEBE00E04C7E /* Sources */,
				9A338B622C92DEBE00E04C7E /* Frameworks */,
				9A338B632C92DEBE00E04C7E /* Resources */,
			);
			buildRules = (
			);
			dependencies = (
				9A338B672C92DEBE00E04C7E /* PBXTargetDependency */,
			);
			name = test.mobileUITests;
			productName = test.mobileUITests;
			productReference = 9A338B652C92DEBE00E04C7E /* test.mobileUITests.xctest */;
			productType = "com.apple.product-type.bundle.ui-testing";
		};
/* End PBXNativeTarget section */

/* Begin PBXProject section */
		9A338B432C92DEBD00E04C7E /* Project object */ = {
			isa = PBXProject;
			attributes = {
				BuildIndependentTargetsInParallel = 1;
				LastSwiftUpdateCheck = 1430;
				LastUpgradeCheck = 1430;
				TargetAttributes = {
					9A338B4A2C92DEBD00E04C7E = {
						CreatedOnToolsVersion = 14.3.1;
					};
					9A338B5A2C92DEBE00E04C7E = {
						CreatedOnToolsVersion = 14.3.1;
						TestTargetID = 9A338B4A2C92DEBD00E04C7E;
					};
					9A338B642C92DEBE00E04C7E = {
						CreatedOnToolsVersion = 14.3.1;
						TestTargetID = 9A338B4A2C92DEBD00E04C7E;
					};
				};
			};
			buildConfigurationList = 9A338B462C92DEBD00E04C7E /* Build configuration list for PBXProject "test.mobile" */;
			compatibilityVersion = "Xcode 14.0";
			developmentRegion = en;
			hasScannedForEncodings = 0;
			knownRegions = (
				en,
				Base,
			);
			mainGroup = 9A338B422C92DEBD00E04C7E;
			productRefGroup = 9A338B4C2C92DEBD00E04C7E /* Products */;
			projectDirPath = "";
			projectRoot = "";
			targets = (
				9A338B4A2C92DEBD00E04C7E /* test.mobile */,
				9A338B5A2C92DEBE00E04C7E /* test.mobileTests */,
				9A338B642C92DEBE00E04C7E /* test.mobileUITests */,
			);
		};
/* End PBXProject section */

/* Begin PBXResourcesBuildPhase section */
		9A338B492C92DEBD00E04C7E /* Resources */ = {
			isa = PBXResourcesBuildPhase;
			buildActionMask = 2147483647;
			files = (
				9A338B562C92DEBE00E04C7E /* Preview Assets.xcassets in Resources */,
				9A338B532C92DEBE00E04C7E /* Assets.xcassets in Resources */,
			);
			runOnlyForDeploymentPostprocessing = 0;
		};
		9A338B592C92DEBE00E04C7E /* Resources */ = {
			isa = PBXResourcesBuildPhase;
			buildActionMask = 2147483647;
			files = (
			);
			runOnlyForDeploymentPostprocessing = 0;
		};
		9A338B632C92DEBE00E04C7E /* Resources */ = {
			isa = PBXResourcesBuildPhase;
			buildActionMask = 2147483647;
			files = (
			);
			runOnlyForDeploymentPostprocessing = 0;
		};
/* End PBXResourcesBuildPhase section */

/* Begin PBXSourcesBuildPhase section */
		9A338B472C92DEBD00E04C7E /* Sources */ = {
			isa = PBXSourcesBuildPhase;
			buildActionMask = 2147483647;
			files = (
				9A338B512C92DEBD00E04C7E /* ContentView.swift in Sources */,
				9A338B4F2C92DEBD00E04C7E /* test_mobileApp.swift in Sources */,
			);
			runOnlyForDeploymentPostprocessing = 0;
		};
		9A338B572C92DEBE00E04C7E /* Sources */ = {
			isa = PBXSourcesBuildPhase;
			buildActionMask = 2147483647;
			files = (
				9A338B602C92DEBE00E04C7E /* test_mobileTests.swift in Sources */,
			);
			runOnlyForDeploymentPostprocessing = 0;
		};
		9A338B612C92DEBE00E04C7E /* Sources */ = {
			isa = PBXSourcesBuildPhase;
			buildActionMask = 2147483647;
			files = (
				9A338B6C2C92DEBE00E04C7E /* test_mobileUITestsLaunchTests.swift in Sources */,
				9A338B6A2C92DEBE00E04C7E /* test_mobileUITests.swift in Sources */,
			);
			runOnlyForDeploymentPostprocessing = 0;
		};
/* End PBXSourcesBuildPhase section */

/* Begin PBXTargetDependency section */
		9A338B5D2C92DEBE00E04C7E /* PBXTargetDependency */ = {
			isa = PBXTargetDependency;
			target = 9A338B4A2C92DEBD00E04C7E /* test.mobile */;
			targetProxy = 9A338B5C2C92DEBE00E04C7E /* PBXContainerItemProxy */;
		};
		9A338B672C92DEBE00E04C7E /* PBXTargetDependency */ = {
			isa = PBXTargetDependency;
			target = 9A338B4A2C92DEBD00E04C7E /* test.mobile */;
			targetProxy = 9A338B662C92DEBE00E04C7E /* PBXContainerItemProxy */;
		};
/* End PBXTargetDependency section */

/* Begin XCBuildConfiguration section */
		9A338B6D2C92DEBE00E04C7E /* Debug */ = {
			isa = XCBuildConfiguration;
			buildSettings = {
				ALWAYS_SEARCH_USER_PATHS = NO;
				CLANG_ANALYZER_NONNULL = YES;
				CLANG_ANALYZER_NUMBER_OBJECT_CONVERSION = YES_AGGRESSIVE;
				CLANG_CXX_LANGUAGE_STANDARD = "gnu++20";
				CLANG_ENABLE_MODULES = YES;
				CLANG_ENABLE_OBJC_ARC = YES;
				CLANG_ENABLE_OBJC_WEAK = YES;
				CLANG_WARN_BLOCK_CAPTURE_AUTORELEASING = YES;
				CLANG_WARN_BOOL_CONVERSION = YES;
				CLANG_WARN_COMMA = YES;
				CLANG_WARN_CONSTANT_CONVERSION = YES;
				CLANG_WARN_DEPRECATED_OBJC_IMPLEMENTATIONS = YES;
				CLANG_WARN_DIRECT_OBJC_ISA_USAGE = YES_ERROR;
				CLANG_WARN_DOCUMENTATION_COMMENTS = YES;
				CLANG_WARN_EMPTY_BODY = YES;
				CLANG_WARN_ENUM_CONVERSION = YES;
				CLANG_WARN_INFINITE_RECURSION = YES;
				CLANG_WARN_INT_CONVERSION = YES;
				CLANG_WARN_NON_LITERAL_NULL_CONVERSION = YES;
				CLANG_WARN_OBJC_IMPLICIT_RETAIN_SELF = YES;
				CLANG_WARN_OBJC_LITERAL_CONVERSION = YES;
				CLANG_WARN_OBJC_ROOT_CLASS = YES_ERROR;
				CLANG_WARN_QUOTED_INCLUDE_IN_FRAMEWORK_HEADER = YES;
				CLANG_WARN_RANGE_LOOP_ANALYSIS = YES;
				CLANG_WARN_STRICT_PROTOTYPES = YES;
				CLANG_WARN_SUSPICIOUS_MOVE = YES;
				CLANG_WARN_UNGUARDED_AVAILABILITY = YES_AGGRESSIVE;
				CLANG_WARN_UNREACHABLE_CODE = YES;
				CLANG_WARN__DUPLICATE_METHOD_MATCH = YES;
				COPY_PHASE_STRIP = NO;
				DEBUG_INFORMATION_FORMAT = dwarf;
				ENABLE_STRICT_OBJC_MSGSEND = YES;
				ENABLE_TESTABILITY = YES;
				GCC_C_LANGUAGE_STANDARD = gnu11;
				GCC_DYNAMIC_NO_PIC = NO;
				GCC_NO_COMMON_BLOCKS = YES;
				GCC_OPTIMIZATION_LEVEL = 0;
				GCC_PREPROCESSOR_DEFINITIONS = (
					"DEBUG=1",
					"$(inherited)",
				);
				GCC_WARN_64_TO_32_BIT_CONVERSION = YES;
				GCC_WARN_ABOUT_RETURN_TYPE = YES_ERROR;
				GCC_WARN_UNDECLARED_SELECTOR = YES;
				GCC_WARN_UNINITIALIZED_AUTOS = YES_AGGRESSIVE;
				GCC_WARN_UNUSED_FUNCTION = YES;
				GCC_WARN_UNUSED_VARIABLE = YES;
				IPHONEOS_DEPLOYMENT_TARGET = 16.4;
				MTL_ENABLE_DEBUG_INFO = INCLUDE_SOURCE;
				MTL_FAST_MATH = YES;
				ONLY_ACTIVE_ARCH = YES;
				SDKROOT = iphoneos;
				SWIFT_ACTIVE_COMPILATION_CONDITIONS = DEBUG;
				SWIFT_OPTIMIZATION_LEVEL = "-Onone";
			};
			name = Debug;
		};
		9A338B6E2C92DEBE00E04C7E /* Release */ = {
			isa = XCBuildConfiguration;
			buildSettings = {
				ALWAYS_SEARCH_USER_PATHS = NO;
				CLANG_ANALYZER_NONNULL = YES;
				CLANG_ANALYZER_NUMBER_OBJECT_CONVERSION = YES_AGGRESSIVE;
				CLANG_CXX_LANGUAGE_STANDARD = "gnu++20";
				CLANG_ENABLE_MODULES = YES;
				CLANG_ENABLE_OBJC_ARC = YES;
				CLANG_ENABLE_OBJC_WEAK = YES;
				CLANG_WARN_BLOCK_CAPTURE_AUTORELEASING = YES;
				CLANG_WARN_BOOL_CONVERSION = YES;
				CLANG_WARN_COMMA = YES;
				CLANG_WARN_CONSTANT_CONVERSION = YES;
				CLANG_WARN_DEPRECATED_OBJC_IMPLEMENTATIONS = YES;
				CLANG_WARN_DIRECT_OBJC_ISA_USAGE = YES_ERROR;
				CLANG_WARN_DOCUMENTATION_COMMENTS = YES;
				CLANG_WARN_EMPTY_BODY = YES;
				CLANG_WARN_ENUM_CONVERSION = YES;
				CLANG_WARN_INFINITE_RECURSION = YES;
				CLANG_WARN_INT_CONVERSION = YES;
				CLANG_WARN_NON_LITERAL_NULL_CONVERSION = YES;
				CLANG_WARN_OBJC_IMPLICIT_RETAIN_SELF = YES;
				CLANG_WARN_OBJC_LITERAL_CONVERSION = YES;
				CLANG_WARN_OBJC_ROOT_CLASS = YES_ERROR;
				CLANG_WARN_QUOTED_INCLUDE_IN_FRAMEWORK_HEADER = YES;
				CLANG_WARN_RANGE_LOOP_ANALYSIS = YES;
				CLANG_WARN_STRICT_PROTOTYPES = YES;
				CLANG_WARN_SUSPICIOUS_MOVE = YES;
				CLANG_WARN_UNGUARDED_AVAILABILITY = YES_AGGRESSIVE;
				CLANG_WARN_UNREACHABLE_CODE = YES;
				CLANG_WARN__DUPLICATE_METHOD_MATCH = YES;
				COPY_PHASE_STRIP = NO;
				DEBUG_INFORMATION_FORMAT = "dwarf-with-dsym";
				ENABLE_NS_ASSERTIONS = NO;
				ENABLE_STRICT_OBJC_MSGSEND = YES;
				GCC_C_LANGUAGE_STANDARD = gnu11;
				GCC_NO_COMMON_BLOCKS = YES;
				GCC_WARN_64_TO_32_BIT_CONVERSION = YES;
				GCC_WARN_ABOUT_RETURN_TYPE = YES_ERROR;
				GCC_WARN_UNDECLARED_SELECTOR = YES;
				GCC_WARN_UNINITIALIZED_AUTOS = YES_AGGRESSIVE;
				GCC_WARN_UNUSED_FUNCTION = YES;
				GCC_WARN_UNUSED_VARIABLE = YES;
				IPHONEOS_DEPLOYMENT_TARGET = 16.4;
				MTL_ENABLE_DEBUG_INFO = NO;
				MTL_FAST_MATH = YES;
				SDKROOT = iphoneos;
				SWIFT_COMPILATION_MODE = wholemodule;
				SWIFT_OPTIMIZATION_LEVEL = "-O";
				VALIDATE_PRODUCT = YES;
			};
			name = Release;
		};
		9A338B702C92DEBE00E04C7E /* Debug */ = {
			isa = XCBuildConfiguration;
			buildSettings = {
				ASSETCATALOG_COMPILER_APPICON_NAME = AppIcon;
				ASSETCATALOG_COMPILER_GLOBAL_ACCENT_COLOR_NAME = AccentColor;
				CODE_SIGN_STYLE = Automatic;
				CURRENT_PROJECT_VERSION = 1;
				DEVELOPMENT_ASSET_PATHS = "\"test.mobile/Preview Content\"";
				ENABLE_PREVIEWS = YES;
				GENERATE_INFOPLIST_FILE = YES;
				INFOPLIST_KEY_UIApplicationSceneManifest_Generation = YES;
				INFOPLIST_KEY_UIApplicationSupportsIndirectInputEvents = YES;
				INFOPLIST_KEY_UILaunchScreen_Generation = YES;
				INFOPLIST_KEY_UISupportedInterfaceOrientations_iPad = "UIInterfaceOrientationPortrait UIInterfaceOrientationPortraitUpsideDown UIInterfaceOrientationLandscapeLeft UIInterfaceOrientationLandscapeRight";
				INFOPLIST_KEY_UISupportedInterfaceOrientations_iPhone = "UIInterfaceOrientationPortrait UIInterfaceOrientationLandscapeLeft UIInterfaceOrientationLandscapeRight";
				LD_RUNPATH_SEARCH_PATHS = (
					"$(inherited)",
					"@executable_path/Frameworks",
				);
				MARKETING_VERSION = 1.0;
				PRODUCT_BUNDLE_IDENTIFIER = "practice.test-mobile";
				PRODUCT_NAME = "$(TARGET_NAME)";
				SWIFT_EMIT_LOC_STRINGS = YES;
				SWIFT_VERSION = 5.0;
				TARGETED_DEVICE_FAMILY = "1,2";
			};
			name = Debug;
		};
		9A338B712C92DEBE00E04C7E /* Release */ = {
			isa = XCBuildConfiguration;
			buildSettings = {
				ASSETCATALOG_COMPILER_APPICON_NAME = AppIcon;
				ASSETCATALOG_COMPILER_GLOBAL_ACCENT_COLOR_NAME = AccentColor;
				CODE_SIGN_STYLE = Automatic;
				CURRENT_PROJECT_VERSION = 1;
				DEVELOPMENT_ASSET_PATHS = "\"test.mobile/Preview Content\"";
				ENABLE_PREVIEWS = YES;
				GENERATE_INFOPLIST_FILE = YES;
				INFOPLIST_KEY_UIApplicationSceneManifest_Generation = YES;
				INFOPLIST_KEY_UIApplicationSupportsIndirectInputEvents = YES;
				INFOPLIST_KEY_UILaunchScreen_Generation = YES;
				INFOPLIST_KEY_UISupportedInterfaceOrientations_iPad = "UIInterfaceOrientationPortrait UIInterfaceOrientationPortraitUpsideDown UIInterfaceOrientationLandscapeLeft UIInterfaceOrientationLandscapeRight";
				INFOPLIST_KEY_UISupportedInterfaceOrientations_iPhone = "UIInterfaceOrientationPortrait UIInterfaceOrientationLandscapeLeft UIInterfaceOrientationLandscapeRight";
				LD_RUNPATH_SEARCH_PATHS = (
					"$(inherited)",
					"@executable_path/Frameworks",
				);
				MARKETING_VERSION = 1.0;
				PRODUCT_BUNDLE_IDENTIFIER = "practice.test-mobile";
				PRODUCT_NAME = "$(TARGET_NAME)";
				SWIFT_EMIT_LOC_STRINGS = YES;
				SWIFT_VERSION = 5.0;
				TARGETED_DEVICE_FAMILY = "1,2";
			};
			name = Release;
		};
		9A338B732C92DEBE00E04C7E /* Debug */ = {
			isa = XCBuildConfiguration;
			buildSettings = {
				ALWAYS_EMBED_SWIFT_STANDARD_LIBRARIES = YES;
				BUNDLE_LOADER = "$(TEST_HOST)";
				CODE_SIGN_STYLE = Automatic;
				CURRENT_PROJECT_VERSION = 1;
				GENERATE_INFOPLIST_FILE = YES;
				IPHONEOS_DEPLOYMENT_TARGET = 16.4;
				MARKETING_VERSION = 1.0;
				PRODUCT_BUNDLE_IDENTIFIER = "practice.test-mobileTests";
				PRODUCT_NAME = "$(TARGET_NAME)";
				SWIFT_EMIT_LOC_STRINGS = NO;
				SWIFT_VERSION = 5.0;
				TARGETED_DEVICE_FAMILY = "1,2";
				TEST_HOST = "$(BUILT_PRODUCTS_DIR)/test.mobile.app/$(BUNDLE_EXECUTABLE_FOLDER_PATH)/test.mobile";
			};
			name = Debug;
		};
		9A338B742C92DEBE00E04C7E /* Release */ = {
			isa = XCBuildConfiguration;
			buildSettings = {
				ALWAYS_EMBED_SWIFT_STANDARD_LIBRARIES = YES;
				BUNDLE_LOADER = "$(TEST_HOST)";
				CODE_SIGN_STYLE = Automatic;
				CURRENT_PROJECT_VERSION = 1;
				GENERATE_INFOPLIST_FILE = YES;
				IPHONEOS_DEPLOYMENT_TARGET = 16.4;
				MARKETING_VERSION = 1.0;
				PRODUCT_BUNDLE_IDENTIFIER = "practice.test-mobileTests";
				PRODUCT_NAME = "$(TARGET_NAME)";
				SWIFT_EMIT_LOC_STRINGS = NO;
				SWIFT_VERSION = 5.0;
				TARGETED_DEVICE_FAMILY = "1,2";
				TEST_HOST = "$(BUILT_PRODUCTS_DIR)/test.mobile.app/$(BUNDLE_EXECUTABLE_FOLDER_PATH)/test.mobile";
			};
			name = Release;
		};
		9A338B762C92DEBE00E04C7E /* Debug */ = {
			isa = XCBuildConfiguration;
			buildSettings = {
				ALWAYS_EMBED_SWIFT_STANDARD_LIBRARIES = YES;
				CODE_SIGN_STYLE = Automatic;
				CURRENT_PROJECT_VERSION = 1;
				GENERATE_INFOPLIST_FILE = YES;
				MARKETING_VERSION = 1.0;
				PRODUCT_BUNDLE_IDENTIFIER = "practice.test-mobileUITests";
				PRODUCT_NAME = "$(TARGET_NAME)";
				SWIFT_EMIT_LOC_STRINGS = NO;
				SWIFT_VERSION = 5.0;
				TARGETED_DEVICE_FAMILY = "1,2";
				TEST_TARGET_NAME = test.mobile;
			};
			name = Debug;
		};
		9A338B772C92DEBE00E04C7E /* Release */ = {
			isa = XCBuildConfiguration;
			buildSettings = {
				ALWAYS_EMBED_SWIFT_STANDARD_LIBRARIES = YES;
				CODE_SIGN_STYLE = Automatic;
				CURRENT_PROJECT_VERSION = 1;
				GENERATE_INFOPLIST_FILE = YES;
				MARKETING_VERSION = 1.0;
				PRODUCT_BUNDLE_IDENTIFIER = "practice.test-mobileUITests";
				PRODUCT_NAME = "$(TARGET_NAME)";
				SWIFT_EMIT_LOC_STRINGS = NO;
				SWIFT_VERSION = 5.0;
				TARGETED_DEVICE_FAMILY = "1,2";
				TEST_TARGET_NAME = test.mobile;
			};
			name = Release;
		};
/* End XCBuildConfiguration section */

/* Begin XCConfigurationList section */
		9A338B462C92DEBD00E04C7E /* Build configuration list for PBXProject "test.mobile" */ = {
			isa = XCConfigurationList;
			buildConfigurations = (
				9A338B6D2C92DEBE00E04C7E /* Debug */,
				9A338B6E2C92DEBE00E04C7E /* Release */,
			);
			defaultConfigurationIsVisible = 0;
			defaultConfigurationName = Release;
		};
		9A338B6F2C92DEBE00E04C7E /* Build configuration list for PBXNativeTarget "test.mobile" */ = {
			isa = XCConfigurationList;
			buildConfigurations = (
				9A338B702C92DEBE00E04C7E /* Debug */,
				9A338B712C92DEBE00E04C7E /* Release */,
			);
			defaultConfigurationIsVisible = 0;
			defaultConfigurationName = Release;
		};
		9A338B722C92DEBE00E04C7E /* Build configuration list for PBXNativeTarget "test.mobileTests" */ = {
			isa = XCConfigurationList;
			buildConfigurations = (
				9A338B732C92DEBE00E04C7E /* Debug */,
				9A338B742C92DEBE00E04C7E /* Release */,
			);
			defaultConfigurationIsVisible = 0;
			defaultConfigurationName = Release;
		};
		9A338B752C92DEBE00E04C7E /* Build configuration list for PBXNativeTarget "test.mobileUITests" */ = {
			isa = XCConfigurationList;
			buildConfigurations = (
				9A338B762C92DEBE00E04C7E /* Debug */,
				9A338B772C92DEBE00E04C7E /* Release */,
			);
			defaultConfigurationIsVisible = 0;
			defaultConfigurationName = Release;
		};
/* End XCConfigurationList section */
	};
	rootObject = 9A338B432C92DEBD00E04C7E /* Project object */;
}
